
Microsoft Visual Studio Solution File, Format Version 12.00
# Visual Studio 2013
VisualStudioVersion = 12.0.31101.0
MinimumVisualStudioVersion = 10.0.40219.1
Project("{FAE04EC0-301F-11D3-BF4B-00C04F79EFBC}") = "Demo", "Demo\Demo.csproj", "{B9668FCA-D50C-4FEA-8C2F-745893E6F08C}"
EndProject
Project("{FAE04EC0-301F-11D3-BF4B-00C04F79EFBC}") = "UnitTestProject1", "UnitTestProject1\UnitTestProject1.csproj", "{3619D394-93EB-47CA-A586-C7AABA871CDF}"
EndProject
Project("{FAE04EC0-301F-11D3-BF4B-00C04F79EFBC}") = "Dao", "Dao\Dao.csproj", "{1336F1FA-4432-4714-9041-A38964126AE0}"
EndProject
Project("{FAE04EC0-301F-11D3-BF4B-00C04F79EFBC}") = "Entity", "Entity\Entity.csproj", "{BD2198A8-30B5-4B5B-B633-232183D2AEB7}"
EndProject
Project("{FAE04EC0-301F-11D3-BF4B-00C04F79EFBC}") = "Framework", "Framework\Framework.csproj", "{E2E503F9-F14D-483F-B25C-3A24E1FEA473}"
EndProject
Project("{FAE04EC0-301F-11D3-BF4B-00C04F79EFBC}") = "Service", "Service\Service.csproj", "{901B0585-C90F-4FD2-9D83-4BC9C269FD82}"
EndProject
Project("{FAE04EC0-301F-11D3-BF4B-00C04F79EFBC}") = "Hx.Extend", "Hx.Extend\Hx.Extend.csproj", "{5DC60B05-F6FD-4209-B9C3-5DAF4E0C9EC8}"
EndProject
Project("{FAE04EC0-301F-11D3-BF4B-00C04F79EFBC}") = "Common", "Common\Common.csproj", "{40795764-0B1A-49B9-A47A-6C562ED27D1E}"
EndProject
Project("{2150E333-8FDC-42A3-9474-1A3956D46DE8}") = "Fundation", "Fundation", "{72B690D0-DE39-48AE-A6B4-146A8355D355}"
EndProject
Project("{2150E333-8FDC-42A3-9474-1A3956D46DE8}") = "APP", "APP", "{947D52E6-188F-4532-B214-DD3480AD8B4E}"
EndProject
Project("{FAE04EC0-301F-11D3-BF4B-00C04F79EFBC}") = "Model", "Model\Model.csproj", "{3A852905-BDCA-43E8-98D9-98B7EA699735}"
EndProject
Project("{FAE04EC0-301F-11D3-BF4B-00C04F79EFBC}") = "Cache", "Cache\Cache.csproj", "{3F8B3DB6-5646-4723-A623-05DF0C908734}"
EndProject
Global
	GlobalSection(SolutionConfigurationPlatforms) = preSolution
		Debug|Any CPU = Debug|Any CPU
		Release|Any CPU = Release|Any CPU
	EndGlobalSection
	GlobalSection(ProjectConfigurationPlatforms) = postSolution
		{B9668FCA-D50C-4FEA-8C2F-745893E6F08C}.Debug|Any CPU.ActiveCfg = Debug|Any CPU
		{B9668FCA-D50C-4FEA-8C2F-745893E6F08C}.Debug|Any CPU.Build.0 = Debug|Any CPU
		{B9668FCA-D50C-4FEA-8C2F-745893E6F08C}.Release|Any CPU.ActiveCfg = Release|Any CPU
		{B9668FCA-D50C-4FEA-8C2F-745893E6F08C}.Release|Any CPU.Build.0 = Release|Any CPU
		{3619D394-93EB-47CA-A586-C7AABA871CDF}.Debug|Any CPU.ActiveCfg = Debug|Any CPU
		{3619D394-93EB-47CA-A586-C7AABA871CDF}.Debug|Any CPU.Build.0 = Debug|Any CPU
		{3619D394-93EB-47CA-A586-C7AABA871CDF}.Release|Any CPU.ActiveCfg = Release|Any CPU
		{3619D394-93EB-47CA-A586-C7AABA871CDF}.Release|Any CPU.Build.0 = Release|Any CPU
		{1336F1FA-4432-4714-9041-A38964126AE0}.Debug|Any CPU.ActiveCfg = Debug|Any CPU
		{1336F1FA-4432-4714-9041-A38964126AE0}.Debug|Any CPU.Build.0 = Debug|Any CPU
		{1336F1FA-4432-4714-9041-A38964126AE0}.Release|Any CPU.ActiveCfg = Release|Any CPU
		{1336F1FA-4432-4714-9041-A38964126AE0}.Release|Any CPU.Build.0 = Release|Any CPU
		{BD2198A8-30B5-4B5B-B633-232183D2AEB7}.Debug|Any CPU.ActiveCfg = Debug|Any CPU
		{BD2198A8-30B5-4B5B-B633-232183D2AEB7}.Debug|Any CPU.Build.0 = Debug|Any CPU
		{BD2198A8-30B5-4B5B-B633-232183D2AEB7}.Release|Any CPU.ActiveCfg = Release|Any CPU
		{BD2198A8-30B5-4B5B-B633-232183D2AEB7}.Release|Any CPU.Build.0 = Release|Any CPU
		{E2E503F9-F14D-483F-B25C-3A24E1FEA473}.Debug|Any CPU.ActiveCfg = Debug|Any CPU
		{E2E503F9-F14D-483F-B25C-3A24E1FEA473}.Debug|Any CPU.Build.0 = Debug|Any CPU
		{E2E503F9-F14D-483F-B25C-3A24E1FEA473}.Release|Any CPU.ActiveCfg = Release|Any CPU
		{E2E503F9-F14D-483F-B25C-3A24E1FEA473}.Release|Any CPU.Build.0 = Release|Any CPU
		{901B0585-C90F-4FD2-9D83-4BC9C269FD82}.Debug|Any CPU.ActiveCfg = Debug|Any CPU
		{901B0585-C90F-4FD2-9D83-4BC9C269FD82}.Debug|Any CPU.Build.0 = Debug|Any CPU
		{901B0585-C90F-4FD2-9D83-4BC9C269FD82}.Release|Any CPU.ActiveCfg = Release|Any CPU
		{901B0585-C90F-4FD2-9D83-4BC9C269FD82}.Release|Any CPU.Build.0 = Release|Any CPU
		{5DC60B05-F6FD-4209-B9C3-5DAF4E0C9EC8}.Debug|Any CPU.ActiveCfg = Debug|Any CPU
		{5DC60B05-F6FD-4209-B9C3-5DAF4E0C9EC8}.Debug|Any CPU.Build.0 = Debug|Any CPU
		{5DC60B05-F6FD-4209-B9C3-5DAF4E0C9EC8}.Release|Any CPU.ActiveCfg = Release|Any CPU
		{5DC60B05-F6FD-4209-B9C3-5DAF4E0C9EC8}.Release|Any CPU.Build.0 = Release|Any CPU
		{40795764-0B1A-49B9-A47A-6C562ED27D1E}.Debug|Any CPU.ActiveCfg = Debug|Any CPU
		{40795764-0B1A-49B9-A47A-6C562ED27D1E}.Debug|Any CPU.Build.0 = Debug|Any CPU
		{40795764-0B1A-49B9-A47A-6C562ED27D1E}.Release|Any CPU.ActiveCfg = Release|Any CPU
		{40795764-0B1A-49B9-A47A-6C562ED27D1E}.Release|Any CPU.Build.0 = Release|Any CPU
		{3A852905-BDCA-43E8-98D9-98B7EA699735}.Debug|Any CPU.ActiveCfg = Debug|Any CPU
		{3A852905-BDCA-43E8-98D9-98B7EA699735}.Debug|Any CPU.Build.0 = Debug|Any CPU
		{3A852905-BDCA-43E8-98D9-98B7EA699735}.Release|Any CPU.ActiveCfg = Release|Any CPU
		{3A852905-BDCA-43E8-98D9-98B7EA699735}.Release|Any CPU.Build.0 = Release|Any CPU
		{3F8B3DB6-5646-4723-A623-05DF0C908734}.Debug|Any CPU.ActiveCfg = Debug|Any CPU
		{3F8B3DB6-5646-4723-A623-05DF0C908734}.Debug|Any CPU.Build.0 = Debug|Any CPU
		{3F8B3DB6-5646-4723-A623-05DF0C908734}.Release|Any CPU.ActiveCfg = Release|Any CPU
		{3F8B3DB6-5646-4723-A623-05DF0C908734}.Release|Any CPU.Build.0 = Release|Any CPU
	EndGlobalSection
	GlobalSection(SolutionProperties) = preSolution
		HideSolutionNode = FALSE
	EndGlobalSection
	GlobalSection(NestedProjects) = preSolution
		{B9668FCA-D50C-4FEA-8C2F-745893E6F08C} = {947D52E6-188F-4532-B214-DD3480AD8B4E}
		{1336F1FA-4432-4714-9041-A38964126AE0} = {947D52E6-188F-4532-B214-DD3480AD8B4E}
		{BD2198A8-30B5-4B5B-B633-232183D2AEB7} = {947D52E6-188F-4532-B214-DD3480AD8B4E}
		{E2E503F9-F14D-483F-B25C-3A24E1FEA473} = {72B690D0-DE39-48AE-A6B4-146A8355D355}
		{901B0585-C90F-4FD2-9D83-4BC9C269FD82} = {947D52E6-188F-4532-B214-DD3480AD8B4E}
		{5DC60B05-F6FD-4209-B9C3-5DAF4E0C9EC8} = {72B690D0-DE39-48AE-A6B4-146A8355D355}
		{40795764-0B1A-49B9-A47A-6C562ED27D1E} = {72B690D0-DE39-48AE-A6B4-146A8355D355}
		{3A852905-BDCA-43E8-98D9-98B7EA699735} = {947D52E6-188F-4532-B214-DD3480AD8B4E}
		{3F8B3DB6-5646-4723-A623-05DF0C908734} = {947D52E6-188F-4532-B214-DD3480AD8B4E}
	EndGlobalSection
EndGlobal
